
Microsoft Visual Studio Solution File, Format Version 12.00
# Visual Studio Version 17
VisualStudioVersion = 17.0.32126.317
MinimumVisualStudioVersion = 10.0.40219.1
Project("{9A19103F-16F7-4668-BE54-9A1E7A4F7556}") = "AppDispensadora", "AppDispensadora\AppDispensadora.csproj", "{DD9022B9-E845-4F85-8575-71A513DC3F40}"
EndProject
Project("{9A19103F-16F7-4668-BE54-9A1E7A4F7556}") = "Dispensador", "Dispensador\Dispensador.csproj", "{279A02E0-A6E5-409A-84DC-BE6D2BCC3825}"
EndProject
Project("{9A19103F-16F7-4668-BE54-9A1E7A4F7556}") = "Ventana_Grafica", "Ventana_Grafica\Ventana_Grafica.csproj", "{097C79BB-D990-496A-9CEB-CD84B0D876B3}"
EndProject
Project("{9A19103F-16F7-4668-BE54-9A1E7A4F7556}") = "Pruebas_Unitarias_Producto", "Pruebas_Unitarias_Producto\Pruebas_Unitarias_Producto.csproj", "{D3E61F26-91FF-4B7D-AF69-36580B92C316}"
EndProject
Project("{9A19103F-16F7-4668-BE54-9A1E7A4F7556}") = "Pruebas_Unitarias_Dispensadora", "Pruebas_Unitarias_Dispensadora\Pruebas_Unitarias_Dispensadora.csproj", "{14B34E05-79F7-478C-9FD0-15F1444CA507}"
EndProject
Project("{FAE04EC0-301F-11D3-BF4B-00C04F79EFBC}") = "Pruebas_Unitarias_Validaciones", "Pruebas_Unitarias_Validaciones\Pruebas_Unitarias_Validaciones.csproj", "{E7B78531-AC46-4E0B-B2E8-B7F182C72092}"
EndProject
Global
	GlobalSection(SolutionConfigurationPlatforms) = preSolution
		Debug|Any CPU = Debug|Any CPU
		Release|Any CPU = Release|Any CPU
	EndGlobalSection
	GlobalSection(ProjectConfigurationPlatforms) = postSolution
		{DD9022B9-E845-4F85-8575-71A513DC3F40}.Debug|Any CPU.ActiveCfg = Debug|Any CPU
		{DD9022B9-E845-4F85-8575-71A513DC3F40}.Debug|Any CPU.Build.0 = Debug|Any CPU
		{DD9022B9-E845-4F85-8575-71A513DC3F40}.Release|Any CPU.ActiveCfg = Release|Any CPU
		{DD9022B9-E845-4F85-8575-71A513DC3F40}.Release|Any CPU.Build.0 = Release|Any CPU
		{279A02E0-A6E5-409A-84DC-BE6D2BCC3825}.Debug|Any CPU.ActiveCfg = Debug|Any CPU
		{279A02E0-A6E5-409A-84DC-BE6D2BCC3825}.Debug|Any CPU.Build.0 = Debug|Any CPU
		{279A02E0-A6E5-409A-84DC-BE6D2BCC3825}.Release|Any CPU.ActiveCfg = Release|Any CPU
		{279A02E0-A6E5-409A-84DC-BE6D2BCC3825}.Release|Any CPU.Build.0 = Release|Any CPU
		{097C79BB-D990-496A-9CEB-CD84B0D876B3}.Debug|Any CPU.ActiveCfg = Debug|Any CPU
		{097C79BB-D990-496A-9CEB-CD84B0D876B3}.Debug|Any CPU.Build.0 = Debug|Any CPU
		{097C79BB-D990-496A-9CEB-CD84B0D876B3}.Release|Any CPU.ActiveCfg = Release|Any CPU
		{097C79BB-D990-496A-9CEB-CD84B0D876B3}.Release|Any CPU.Build.0 = Release|Any CPU
		{D3E61F26-91FF-4B7D-AF69-36580B92C316}.Debug|Any CPU.ActiveCfg = Debug|Any CPU
		{D3E61F26-91FF-4B7D-AF69-36580B92C316}.Debug|Any CPU.Build.0 = Debug|Any CPU
		{D3E61F26-91FF-4B7D-AF69-36580B92C316}.Release|Any CPU.ActiveCfg = Release|Any CPU
		{D3E61F26-91FF-4B7D-AF69-36580B92C316}.Release|Any CPU.Build.0 = Release|Any CPU
		{14B34E05-79F7-478C-9FD0-15F1444CA507}.Debug|Any CPU.ActiveCfg = Debug|Any CPU
		{14B34E05-79F7-478C-9FD0-15F1444CA507}.Debug|Any CPU.Build.0 = Debug|Any CPU
		{14B34E05-79F7-478C-9FD0-15F1444CA507}.Release|Any CPU.ActiveCfg = Release|Any CPU
		{14B34E05-79F7-478C-9FD0-15F1444CA507}.Release|Any CPU.Build.0 = Release|Any CPU
		{E7B78531-AC46-4E0B-B2E8-B7F182C72092}.Debug|Any CPU.ActiveCfg = Debug|Any CPU
		{E7B78531-AC46-4E0B-B2E8-B7F182C72092}.Debug|Any CPU.Build.0 = Debug|Any CPU
		{E7B78531-AC46-4E0B-B2E8-B7F182C72092}.Release|Any CPU.ActiveCfg = Release|Any CPU
		{E7B78531-AC46-4E0B-B2E8-B7F182C72092}.Release|Any CPU.Build.0 = Release|Any CPU
	EndGlobalSection
	GlobalSection(SolutionProperties) = preSolution
		HideSolutionNode = FALSE
	EndGlobalSection
	GlobalSection(ExtensibilityGlobals) = postSolution
		SolutionGuid = {610E209D-6737-436B-AD9D-7EB13B5B4B8D}
	EndGlobalSection
EndGlobal
